
Microsoft Visual Studio Solution File, Format Version 12.00
# Visual Studio Version 16
VisualStudioVersion = 25.0.1706.12
MinimumVisualStudioVersion = 10.0.40219.1
Project("{FAE04EC0-301F-11D3-BF4B-00C04F79EFBC}") = "ConfigurationWebApp", "ConfigurationWebApp.csproj", "{07196047-5884-4066-98D1-948B8B596AEE}"
EndProject
Global
	GlobalSection(SolutionConfigurationPlatforms) = preSolution
		Debug|Any CPU = Debug|Any CPU
		Release|Any CPU = Release|Any CPU
	EndGlobalSection
	GlobalSection(ProjectConfigurationPlatforms) = postSolution
		{07196047-5884-4066-98D1-948B8B596AEE}.Debug|Any CPU.ActiveCfg = Debug|Any CPU
		{07196047-5884-4066-98D1-948B8B596AEE}.Debug|Any CPU.Build.0 = Debug|Any CPU
		{07196047-5884-4066-98D1-948B8B596AEE}.Release|Any CPU.ActiveCfg = Release|Any CPU
		{07196047-5884-4066-98D1-948B8B596AEE}.Release|Any CPU.Build.0 = Release|Any CPU
	EndGlobalSection
	GlobalSection(SolutionProperties) = preSolution
		HideSolutionNode = FALSE
	EndGlobalSection
	GlobalSection(ExtensibilityGlobals) = postSolution
		SolutionGuid = {999AC022-B001-4809-BB76-847B4F1BF280}
	EndGlobalSection
EndGlobal
